
Microsoft Visual Studio Solution File, Format Version 12.00
# Visual Studio Version 16
VisualStudioVersion = 16.0.31410.357
MinimumVisualStudioVersion = 10.0.40219.1
Project("{FAE04EC0-301F-11D3-BF4B-00C04F79EFBC}") = "Quizzes", "Quizzes\Quizzes.csproj", "{7F2943D7-7769-4F7A-B3F6-469C4F9B3681}"
EndProject
Project("{FAE04EC0-301F-11D3-BF4B-00C04F79EFBC}") = "QuizTest", "QuizTest\QuizTest.csproj", "{A636F9A4-0135-46E0-876F-8BC6B1392F6B}"
EndProject
Global
	GlobalSection(SolutionConfigurationPlatforms) = preSolution
		Debug|Any CPU = Debug|Any CPU
		Release|Any CPU = Release|Any CPU
	EndGlobalSection
	GlobalSection(ProjectConfigurationPlatforms) = postSolution
		{7F2943D7-7769-4F7A-B3F6-469C4F9B3681}.Debug|Any CPU.ActiveCfg = Debug|Any CPU
		{7F2943D7-7769-4F7A-B3F6-469C4F9B3681}.Debug|Any CPU.Build.0 = Debug|Any CPU
		{7F2943D7-7769-4F7A-B3F6-469C4F9B3681}.Release|Any CPU.ActiveCfg = Release|Any CPU
		{7F2943D7-7769-4F7A-B3F6-469C4F9B3681}.Release|Any CPU.Build.0 = Release|Any CPU
		{A636F9A4-0135-46E0-876F-8BC6B1392F6B}.Debug|Any CPU.ActiveCfg = Debug|Any CPU
		{A636F9A4-0135-46E0-876F-8BC6B1392F6B}.Debug|Any CPU.Build.0 = Debug|Any CPU
		{A636F9A4-0135-46E0-876F-8BC6B1392F6B}.Release|Any CPU.ActiveCfg = Release|Any CPU
		{A636F9A4-0135-46E0-876F-8BC6B1392F6B}.Release|Any CPU.Build.0 = Release|Any CPU
	EndGlobalSection
	GlobalSection(SolutionProperties) = preSolution
		HideSolutionNode = FALSE
	EndGlobalSection
	GlobalSection(ExtensibilityGlobals) = postSolution
		SolutionGuid = {7F0FB1CF-9C6F-4A06-B83F-2577525AAF0A}
	EndGlobalSection
EndGlobal
